
Microsoft Visual Studio Solution File, Format Version 12.00
# Visual Studio Version 17
VisualStudioVersion = 17.3.32811.315
MinimumVisualStudioVersion = 10.0.40219.1
Project("{FAE04EC0-301F-11D3-BF4B-00C04F79EFBC}") = "JedDatTyp08", "JedDatTyp08\JedDatTyp08.csproj", "{5E278697-FE11-4468-AEA0-B3E3CD98B866}"
EndProject
Global
	GlobalSection(SolutionConfigurationPlatforms) = preSolution
		Debug|Any CPU = Debug|Any CPU
		Release|Any CPU = Release|Any CPU
	EndGlobalSection
	GlobalSection(ProjectConfigurationPlatforms) = postSolution
		{5E278697-FE11-4468-AEA0-B3E3CD98B866}.Debug|Any CPU.ActiveCfg = Debug|Any CPU
		{5E278697-FE11-4468-AEA0-B3E3CD98B866}.Debug|Any CPU.Build.0 = Debug|Any CPU
		{5E278697-FE11-4468-AEA0-B3E3CD98B866}.Release|Any CPU.ActiveCfg = Release|Any CPU
		{5E278697-FE11-4468-AEA0-B3E3CD98B866}.Release|Any CPU.Build.0 = Release|Any CPU
	EndGlobalSection
	GlobalSection(SolutionProperties) = preSolution
		HideSolutionNode = FALSE
	EndGlobalSection
	GlobalSection(ExtensibilityGlobals) = postSolution
		SolutionGuid = {113D6F0D-EBC1-40EA-A728-FB34465AAD9F}
	EndGlobalSection
EndGlobal
